
Microsoft Visual Studio Solution File, Format Version 12.00
# Visual Studio Version 17
VisualStudioVersion = 17.14.36603.0 d17.14
MinimumVisualStudioVersion = 10.0.40219.1
Project("{FAE04EC0-301F-11D3-BF4B-00C04F79EFBC}") = "VT - Atividade 2", "VT - Atividade 2.csproj", "{787EE51B-E736-400D-8FFE-043A12994157}"
EndProject
Global
	GlobalSection(SolutionConfigurationPlatforms) = preSolution
		Debug|Any CPU = Debug|Any CPU
		Release|Any CPU = Release|Any CPU
	EndGlobalSection
	GlobalSection(ProjectConfigurationPlatforms) = postSolution
		{787EE51B-E736-400D-8FFE-043A12994157}.Debug|Any CPU.ActiveCfg = Debug|Any CPU
		{787EE51B-E736-400D-8FFE-043A12994157}.Debug|Any CPU.Build.0 = Debug|Any CPU
		{787EE51B-E736-400D-8FFE-043A12994157}.Release|Any CPU.ActiveCfg = Release|Any CPU
		{787EE51B-E736-400D-8FFE-043A12994157}.Release|Any CPU.Build.0 = Release|Any CPU
	EndGlobalSection
	GlobalSection(SolutionProperties) = preSolution
		HideSolutionNode = FALSE
	EndGlobalSection
	GlobalSection(ExtensibilityGlobals) = postSolution
		SolutionGuid = {693050CD-3D7D-4242-BE84-7D4AA15D0E8C}
	EndGlobalSection
EndGlobal
